{
    "_meta": {
        "hash": {
            "sha256": "eca1036441de3755714563c4439283b1d7baa2a59f8d5ded4cde9f662608d377"
        },
        "pipfile-spec": 6,
        "requires": {
            "python_version": "3.12"
        },
        "sources": [
            {
                "name": "pypi",
                "url": "https://pypi.org/simple",
                "verify_ssl": true
            }
        ]
    },
    "default": {
        "kpo-distribution": {
            "editable": true,
            "path": "."
        }
    },
    "develop": {}
}
